
Microsoft Visual Studio Solution File, Format Version 11.00
# Visual Studio 2010
Project("{FAE04EC0-301F-11D3-BF4B-00C04F79EFBC}") = "Socket IO Example", "Assembly-CSharp.csproj", "{192F7BBE-7C21-85DD-9EE9-F9FCE4F85B93}"
EndProject
Project("{FAE04EC0-301F-11D3-BF4B-00C04F79EFBC}") = "Socket IO Example", "Assembly-CSharp-Editor.csproj", "{82C18082-A60B-6C80-291C-6152B435E1CC}"
EndProject
Global
	GlobalSection(SolutionConfigurationPlatforms) = preSolution
		Debug|Any CPU = Debug|Any CPU
		Release|Any CPU = Release|Any CPU
	EndGlobalSection
	GlobalSection(ProjectConfigurationPlatforms) = postSolution
		{192F7BBE-7C21-85DD-9EE9-F9FCE4F85B93}.Debug|Any CPU.ActiveCfg = Debug|Any CPU
		{192F7BBE-7C21-85DD-9EE9-F9FCE4F85B93}.Debug|Any CPU.Build.0 = Debug|Any CPU
		{192F7BBE-7C21-85DD-9EE9-F9FCE4F85B93}.Release|Any CPU.ActiveCfg = Release|Any CPU
		{192F7BBE-7C21-85DD-9EE9-F9FCE4F85B93}.Release|Any CPU.Build.0 = Release|Any CPU
		{82C18082-A60B-6C80-291C-6152B435E1CC}.Debug|Any CPU.ActiveCfg = Debug|Any CPU
		{82C18082-A60B-6C80-291C-6152B435E1CC}.Debug|Any CPU.Build.0 = Debug|Any CPU
		{82C18082-A60B-6C80-291C-6152B435E1CC}.Release|Any CPU.ActiveCfg = Release|Any CPU
		{82C18082-A60B-6C80-291C-6152B435E1CC}.Release|Any CPU.Build.0 = Release|Any CPU
	EndGlobalSection
	GlobalSection(SolutionProperties) = preSolution
		HideSolutionNode = FALSE
	EndGlobalSection
	GlobalSection(MonoDevelopProperties) = preSolution
		StartupItem = Assembly-CSharp.csproj
	EndGlobalSection
EndGlobal
